
Microsoft Visual Studio Solution File, Format Version 12.00
# Visual Studio Version 16
VisualStudioVersion = 16.0.31613.86
MinimumVisualStudioVersion = 10.0.40219.1
Project("{FAE04EC0-301F-11D3-BF4B-00C04F79EFBC}") = "CadeteriaWeb", "CadeteriaWeb\CadeteriaWeb.csproj", "{7A9A4D86-A11A-430C-8F41-638780D9C2AF}"
EndProject
Global
	GlobalSection(SolutionConfigurationPlatforms) = preSolution
		Debug|Any CPU = Debug|Any CPU
		Release|Any CPU = Release|Any CPU
	EndGlobalSection
	GlobalSection(ProjectConfigurationPlatforms) = postSolution
		{7A9A4D86-A11A-430C-8F41-638780D9C2AF}.Debug|Any CPU.ActiveCfg = Debug|Any CPU
		{7A9A4D86-A11A-430C-8F41-638780D9C2AF}.Debug|Any CPU.Build.0 = Debug|Any CPU
		{7A9A4D86-A11A-430C-8F41-638780D9C2AF}.Release|Any CPU.ActiveCfg = Release|Any CPU
		{7A9A4D86-A11A-430C-8F41-638780D9C2AF}.Release|Any CPU.Build.0 = Release|Any CPU
	EndGlobalSection
	GlobalSection(SolutionProperties) = preSolution
		HideSolutionNode = FALSE
	EndGlobalSection
	GlobalSection(ExtensibilityGlobals) = postSolution
		SolutionGuid = {73CE9504-6393-4388-8E36-F5A4E67D7104}
	EndGlobalSection
EndGlobal
